
Microsoft Visual Studio Solution File, Format Version 12.00
# Visual Studio Version 16
VisualStudioVersion = 16.0.810.14
MinimumVisualStudioVersion = 10.0.40219.1
Project("{FAE04EC0-301F-11D3-BF4B-00C04F79EFBC}") = "ShellExample.Android", "ShellExample.Android\ShellExample.Android.csproj", "{10415A3C-18F2-40C0-8191-D50DB3DCD5B8}"
EndProject
Project("{FAE04EC0-301F-11D3-BF4B-00C04F79EFBC}") = "ShellExample.iOS", "ShellExample.iOS\ShellExample.iOS.csproj", "{9BADD954-2FAE-44B0-8385-BFAA443BDDF2}"
EndProject
Project("{FAE04EC0-301F-11D3-BF4B-00C04F79EFBC}") = "ShellExample", "ShellExample\ShellExample.csproj", "{72FCE0A8-8506-4F6F-B0CD-6D2E920C55F5}"
EndProject
Global
	GlobalSection(SolutionConfigurationPlatforms) = preSolution
		Debug|Any CPU = Debug|Any CPU
		Release|Any CPU = Release|Any CPU
		Debug|iPhoneSimulator = Debug|iPhoneSimulator
		Release|iPhoneSimulator = Release|iPhoneSimulator
		Debug|iPhone = Debug|iPhone
		Release|iPhone = Release|iPhone
	EndGlobalSection
	GlobalSection(ProjectConfigurationPlatforms) = postSolution
		{10415A3C-18F2-40C0-8191-D50DB3DCD5B8}.Debug|Any CPU.ActiveCfg = Debug|Any CPU
		{10415A3C-18F2-40C0-8191-D50DB3DCD5B8}.Debug|Any CPU.Build.0 = Debug|Any CPU
		{10415A3C-18F2-40C0-8191-D50DB3DCD5B8}.Release|Any CPU.ActiveCfg = Release|Any CPU
		{10415A3C-18F2-40C0-8191-D50DB3DCD5B8}.Release|Any CPU.Build.0 = Release|Any CPU
		{10415A3C-18F2-40C0-8191-D50DB3DCD5B8}.Debug|iPhoneSimulator.ActiveCfg = Debug|Any CPU
		{10415A3C-18F2-40C0-8191-D50DB3DCD5B8}.Debug|iPhoneSimulator.Build.0 = Debug|Any CPU
		{10415A3C-18F2-40C0-8191-D50DB3DCD5B8}.Release|iPhoneSimulator.ActiveCfg = Release|Any CPU
		{10415A3C-18F2-40C0-8191-D50DB3DCD5B8}.Release|iPhoneSimulator.Build.0 = Release|Any CPU
		{10415A3C-18F2-40C0-8191-D50DB3DCD5B8}.Debug|iPhone.ActiveCfg = Debug|Any CPU
		{10415A3C-18F2-40C0-8191-D50DB3DCD5B8}.Debug|iPhone.Build.0 = Debug|Any CPU
		{10415A3C-18F2-40C0-8191-D50DB3DCD5B8}.Release|iPhone.ActiveCfg = Release|Any CPU
		{10415A3C-18F2-40C0-8191-D50DB3DCD5B8}.Release|iPhone.Build.0 = Release|Any CPU
		{9BADD954-2FAE-44B0-8385-BFAA443BDDF2}.Debug|Any CPU.ActiveCfg = Debug|iPhoneSimulator
		{9BADD954-2FAE-44B0-8385-BFAA443BDDF2}.Debug|Any CPU.Build.0 = Debug|iPhoneSimulator
		{9BADD954-2FAE-44B0-8385-BFAA443BDDF2}.Release|Any CPU.ActiveCfg = Release|iPhoneSimulator
		{9BADD954-2FAE-44B0-8385-BFAA443BDDF2}.Release|Any CPU.Build.0 = Release|iPhoneSimulator
		{9BADD954-2FAE-44B0-8385-BFAA443BDDF2}.Debug|iPhoneSimulator.ActiveCfg = Debug|iPhoneSimulator
		{9BADD954-2FAE-44B0-8385-BFAA443BDDF2}.Debug|iPhoneSimulator.Build.0 = Debug|iPhoneSimulator
		{9BADD954-2FAE-44B0-8385-BFAA443BDDF2}.Release|iPhoneSimulator.ActiveCfg = Release|iPhoneSimulator
		{9BADD954-2FAE-44B0-8385-BFAA443BDDF2}.Release|iPhoneSimulator.Build.0 = Release|iPhoneSimulator
		{9BADD954-2FAE-44B0-8385-BFAA443BDDF2}.Debug|iPhone.ActiveCfg = Debug|iPhone
		{9BADD954-2FAE-44B0-8385-BFAA443BDDF2}.Debug|iPhone.Build.0 = Debug|iPhone
		{9BADD954-2FAE-44B0-8385-BFAA443BDDF2}.Release|iPhone.ActiveCfg = Release|iPhone
		{9BADD954-2FAE-44B0-8385-BFAA443BDDF2}.Release|iPhone.Build.0 = Release|iPhone
		{72FCE0A8-8506-4F6F-B0CD-6D2E920C55F5}.Debug|Any CPU.ActiveCfg = Debug|Any CPU
		{72FCE0A8-8506-4F6F-B0CD-6D2E920C55F5}.Debug|Any CPU.Build.0 = Debug|Any CPU
		{72FCE0A8-8506-4F6F-B0CD-6D2E920C55F5}.Release|Any CPU.ActiveCfg = Release|Any CPU
		{72FCE0A8-8506-4F6F-B0CD-6D2E920C55F5}.Release|Any CPU.Build.0 = Release|Any CPU
		{72FCE0A8-8506-4F6F-B0CD-6D2E920C55F5}.Debug|iPhoneSimulator.ActiveCfg = Debug|Any CPU
		{72FCE0A8-8506-4F6F-B0CD-6D2E920C55F5}.Debug|iPhoneSimulator.Build.0 = Debug|Any CPU
		{72FCE0A8-8506-4F6F-B0CD-6D2E920C55F5}.Release|iPhoneSimulator.ActiveCfg = Release|Any CPU
		{72FCE0A8-8506-4F6F-B0CD-6D2E920C55F5}.Release|iPhoneSimulator.Build.0 = Release|Any CPU
		{72FCE0A8-8506-4F6F-B0CD-6D2E920C55F5}.Debug|iPhone.ActiveCfg = Debug|Any CPU
		{72FCE0A8-8506-4F6F-B0CD-6D2E920C55F5}.Debug|iPhone.Build.0 = Debug|Any CPU
		{72FCE0A8-8506-4F6F-B0CD-6D2E920C55F5}.Release|iPhone.ActiveCfg = Release|Any CPU
		{72FCE0A8-8506-4F6F-B0CD-6D2E920C55F5}.Release|iPhone.Build.0 = Release|Any CPU
	EndGlobalSection
	GlobalSection(SolutionProperties) = preSolution
		HideSolutionNode = FALSE
	EndGlobalSection
	GlobalSection(ExtensibilityGlobals) = postSolution
		SolutionGuid = {9D60EB08-ED93-4FFC-8421-CC43E775CD21}
	EndGlobalSection
EndGlobal
